<?xml version="1.0" encoding="utf-8"?>
<Project ToolsVersion="4.0" xmlns="http://schemas.microsoft.com/developer/msbuild/2003">
  <ItemGroup>
    <Filter Include="Source Files">
      <UniqueIdentifier>{4FC737F1-C7A5-4376-A066-2A32D752A2FF}</UniqueIdentifier>
      <Extensions>cpp;c;cc;cxx;c++;cppm;ixx;def;odl;idl;hpj;bat;asm;asmx</Extensions>
    </Filter>
    <Filter Include="Header Files">
      <UniqueIdentifier>{93995380-89BD-4b04-88EB-625FBE52EBFB}</UniqueIdentifier>
      <Extensions>h;hh;hpp;hxx;h++;hm;inl;inc;ipp;xsd</Extensions>
    </Filter>
    <Filter Include="Resource Files">
      <UniqueIdentifier>{67DA6AB6-F800-4c08-8B7A-83BB121AAD01}</UniqueIdentifier>
      <Extensions>rc;ico;cur;bmp;dlg;rc2;rct;bin;rgs;gif;jpg;jpeg;jpe;resx;tiff;tif;png;wav;mfcribbon-ms</Extensions>
    </Filter>
  </ItemGroup>
  <ItemGroup>
    <Text Include="Chapters\1 - Getting Started\2 - Shader_Class\vShaderSource.vs" />
  </ItemGroup>
  <ItemGroup>
    <None Include="Chapters\1 - Getting Started\2 - Shader_Class\fShaderSource.fs" />
    <None Include="Chapters\1 - Getting Started\3 - Textures\fShaderSource.fs" />
    <None Include="Chapters\1 - Getting Started\3 - Textures\vShaderSource.vs" />
    <None Include="Chapters\1 - Getting Started\2 - Shader_Class_Exercise_1\vShaderSource.vs" />
    <None Include="Chapters\1 - Getting Started\2 - Shader_Class_Exercise_1\fShaderSource.fs" />
    <None Include="Chapters\1 - Getting Started\2 - Shader_Class_Exercise_2\fShaderSource.fs" />
    <None Include="Chapters\1 - Getting Started\2 - Shader_Class_Exercise_2\vShaderSource.vs" />
    <None Include="Chapters\1 - Getting Started\2 - Shader_Class_Exercise_3\fShaderSource.fs" />
    <None Include="Chapters\1 - Getting Started\2 - Shader_Class_Exercise_3\vShaderSource.vs" />
    <None Include="Chapters\1 - Getting Started\3 - Textures_Exercise_1\vShaderSource.vs" />
    <None Include="Chapters\1 - Getting Started\3 - Textures_Exercise_1\fShaderSource.fs" />
    <None Include="Chapters\1 - Getting Started\3 - Textures_Combined\fShaderSource.fs" />
    <None Include="Chapters\1 - Getting Started\3 - Textures_Combined\vShaderSource.vs" />
    <None Include="Chapters\1 - Getting Started\4 - Transformations_Exercise_2\fShaderSource.fs" />
    <None Include="Chapters\1 - Getting Started\4 - Transformations_Exercise_2\vShaderSource.vs" />
    <None Include="Chapters\1 - Getting Started\3 - Textures_Exercise_2\fShaderSource.fs" />
    <None Include="Chapters\1 - Getting Started\3 - Textures_Exercise_2\vShaderSource.vs" />
    <None Include="Chapters\1 - Getting Started\3 - Textures_Exercise_3\fShaderSource.fs" />
    <None Include="Chapters\1 - Getting Started\3 - Textures_Exercise_3\vShaderSource.vs" />
    <None Include="Chapters\1 - Getting Started\3 - Textures_Exercise_4\fShaderSource.fs" />
    <None Include="Chapters\1 - Getting Started\3 - Textures_Exercise_4\vShaderSource.vs" />
    <None Include="Chapters\1 - Getting Started\4 - Transformations\fShaderSource.fs" />
    <None Include="Chapters\1 - Getting Started\4 - Transformations\vShaderSource.vs" />
    <None Include="Chapters\1 - Getting Started\4 - Transformations_Exercise_1\fShaderSource.fs" />
    <None Include="Chapters\1 - Getting Started\4 - Transformations_Exercise_1\vShaderSource.vs" />
    <None Include="Chapters\1 - Getting Started\5 - Coordinate_System\fShaderSource.fs" />
    <None Include="Chapters\1 - Getting Started\5 - Coordinate_System\vShaderSource.vs" />
    <None Include="src\vShaderSource.vs" />
    <None Include="src\fShaderSource.fs" />
    <None Include="Chapters\1 - Getting Started\5 - Coordinate_System_Depth\fShaderSource.fs" />
    <None Include="Chapters\1 - Getting Started\5 - Coordinate_System_Depth\vShaderSource.vs" />
    <None Include="Chapters\1 - Getting Started\5 - Coordinate_Systems_Multiple\fShaderSource.fs" />
    <None Include="Chapters\1 - Getting Started\5 - Coordinate_Systems_Multiple\vShaderSource.vs" />
    <None Include="Chapters\1 - Getting Started\6 - Camera_Circle\fShaderSource.fs" />
    <None Include="Chapters\1 - Getting Started\6 - Camera_Circle\vShaderSource.vs" />
  </ItemGroup>
  <ItemGroup>
    <Image Include="Resources\Textures\brickwall.jpg">
      <Filter>Resource Files</Filter>
    </Image>
    <Image Include="Resources\Textures\container.jpg">
      <Filter>Resource Files</Filter>
    </Image>
    <Image Include="Resources\Textures\awesomeface.png">
      <Filter>Resource Files</Filter>
    </Image>
  </ItemGroup>
  <ItemGroup>
    <ClCompile Include="src\Coordinate_System_Multiple.cpp">
      <Filter>Source Files</Filter>
    </ClCompile>
  </ItemGroup>
</Project>