<?xml version="1.0" encoding="utf-8"?>
<Project ToolsVersion="4.0" xmlns="http://schemas.microsoft.com/developer/msbuild/2003">
  <ItemGroup>
    <Filter Include="Source Files">
      <UniqueIdentifier>{4FC737F1-C7A5-4376-A066-2A32D752A2FF}</UniqueIdentifier>
      <Extensions>cpp;c;cc;cxx;c++;cppm;ixx;def;odl;idl;hpj;bat;asm;asmx</Extensions>
    </Filter>
    <Filter Include="Header Files">
      <UniqueIdentifier>{93995380-89BD-4b04-88EB-625FBE52EBFB}</UniqueIdentifier>
      <Extensions>h;hh;hpp;hxx;h++;hm;inl;inc;ipp;xsd</Extensions>
    </Filter>
    <Filter Include="Resource Files">
      <UniqueIdentifier>{67DA6AB6-F800-4c08-8B7A-83BB121AAD01}</UniqueIdentifier>
      <Extensions>rc;ico;cur;bmp;dlg;rc2;rct;bin;rgs;gif;jpg;jpeg;jpe;resx;tiff;tif;png;wav;mfcribbon-ms</Extensions>
    </Filter>
  </ItemGroup>
  <ItemGroup>
    <ClInclude Include="Dependencies\Header\model.h">
      <Filter>Header Files</Filter>
    </ClInclude>
    <ClInclude Include="Dependencies\Header\mesh.h">
      <Filter>Header Files</Filter>
    </ClInclude>
    <ClInclude Include="Dependencies\Header\shader.h">
      <Filter>Header Files</Filter>
    </ClInclude>
    <ClInclude Include="Dependencies\Header\camera.h">
      <Filter>Header Files</Filter>
    </ClInclude>
  </ItemGroup>
  <ItemGroup>
    <None Include="Chapters\4 - Advanced OpenGL\1 - Depth_Testing\vShaderSource.vs" />
    <None Include="Chapters\4 - Advanced OpenGL\1 - Depth_Testing\fShaderSource.fs" />
    <None Include="Chapters\4 - Advanced OpenGL\1 - Depth_Testing_Linear\vShaderSource.vs" />
    <None Include="Chapters\4 - Advanced OpenGL\1 - Depth_Testing_Linear\fShaderSource.fs" />
    <None Include="Chapters\4 - Advanced OpenGL\2 - Stencil_Testing\fShaderSource.fs" />
    <None Include="Chapters\4 - Advanced OpenGL\2 - Stencil_Testing\fShaderSourceOutline.fs" />
    <None Include="Chapters\4 - Advanced OpenGL\2 - Stencil_Testing\vShaderSource.vs" />
    <None Include="Chapters\4 - Advanced OpenGL\3 - Blending\fShaderSource.fs" />
    <None Include="Chapters\4 - Advanced OpenGL\3 - Blending\vShaderSource.vs" />
    <None Include="Chapters\4 - Advanced OpenGL\3 - Blending_Sorted\fShaderSource.fs" />
    <None Include="Chapters\4 - Advanced OpenGL\3 - Blending_Sorted\vShaderSource.vs" />
    <None Include="Chapters\4 - Advanced OpenGL\4 - Face_Culling\fShaderSource.fs" />
    <None Include="Chapters\4 - Advanced OpenGL\4 - Face_Culling\vShaderSource.vs" />
    <None Include="Chapters\4 - Advanced OpenGL\5 - FrameBuffer\fShaderSource.fs" />
    <None Include="Chapters\4 - Advanced OpenGL\5 - FrameBuffer\fShaderSourceScreen.fs" />
    <None Include="Chapters\4 - Advanced OpenGL\5 - FrameBuffer\vShaderSource.vs" />
    <None Include="Chapters\4 - Advanced OpenGL\5 - FrameBuffer\vShaderSourceScreen.vs" />
    <None Include="Chapters\4 - Advanced OpenGL\5 - FrameBuffer_Inversion\fShaderSource.fs" />
    <None Include="Chapters\4 - Advanced OpenGL\5 - FrameBuffer_Inversion\fShaderSourceScreen.fs" />
    <None Include="Chapters\4 - Advanced OpenGL\5 - FrameBuffer_Inversion\vShaderSource.vs" />
    <None Include="Chapters\4 - Advanced OpenGL\5 - FrameBuffer_Inversion\vShaderSourceScreen.vs" />
    <None Include="Chapters\4 - Advanced OpenGL\5 - FrameBuffer_GrayScale\vShaderSourceScreen.vs" />
    <None Include="Chapters\4 - Advanced OpenGL\5 - FrameBuffer_GrayScale\vShaderSource.vs" />
    <None Include="Chapters\4 - Advanced OpenGL\5 - FrameBuffer_GrayScale\fShaderSourceScreen.fs" />
    <None Include="Chapters\4 - Advanced OpenGL\5 - FrameBuffer_GrayScale\fShaderSource.fs" />
    <None Include="Chapters\4 - Advanced OpenGL\5 - FrameBuffer_Sharping_Kernel\fShaderSource.fs" />
    <None Include="Chapters\4 - Advanced OpenGL\5 - FrameBuffer_Sharping_Kernel\fShaderSourceScreen.fs" />
    <None Include="Chapters\4 - Advanced OpenGL\5 - FrameBuffer_Sharping_Kernel\vShaderSource.vs" />
    <None Include="Chapters\4 - Advanced OpenGL\5 - FrameBuffer_Sharping_Kernel\vShaderSourceScreen.vs" />
    <None Include="Chapters\4 - Advanced OpenGL\5 - FrameBuffer_Blur_Kernel\fShaderSource.fs" />
    <None Include="Chapters\4 - Advanced OpenGL\5 - FrameBuffer_Blur_Kernel\fShaderSourceScreen.fs" />
    <None Include="Chapters\4 - Advanced OpenGL\5 - FrameBuffer_Blur_Kernel\vShaderSource.vs" />
    <None Include="Chapters\4 - Advanced OpenGL\5 - FrameBuffer_Blur_Kernel\vShaderSourceScreen.vs" />
    <None Include="Chapters\4 - Advanced OpenGL\5 - FrameBuffer_Edge_Detection\fShaderSource.fs" />
    <None Include="Chapters\4 - Advanced OpenGL\5 - FrameBuffer_Edge_Detection\fShaderSourceScreen.fs" />
    <None Include="Chapters\4 - Advanced OpenGL\5 - FrameBuffer_Edge_Detection\vShaderSource.vs" />
    <None Include="Chapters\4 - Advanced OpenGL\5 - FrameBuffer_Edge_Detection\vShaderSourceScreen.vs" />
    <None Include="Chapters\4 - Advanced OpenGL\5 - FrameBuffer_Exercise_1\fShaderSource.fs" />
    <None Include="Chapters\4 - Advanced OpenGL\5 - FrameBuffer_Exercise_1\fShaderSourceScreen.fs" />
    <None Include="Chapters\4 - Advanced OpenGL\5 - FrameBuffer_Exercise_1\vShaderSource.vs" />
    <None Include="Chapters\4 - Advanced OpenGL\5 - FrameBuffer_Exercise_1\vShaderSourceScreen.vs" />
    <None Include="Chapters\4 - Advanced OpenGL\6 - CubeMaps_Skybox\fShaderSource.fs" />
    <None Include="Chapters\4 - Advanced OpenGL\6 - CubeMaps_Skybox\fShaderSourceSkybox.fs" />
    <None Include="Chapters\4 - Advanced OpenGL\6 - CubeMaps_Skybox\vShaderSource.vs" />
    <None Include="Chapters\4 - Advanced OpenGL\6 - CubeMaps_Skybox\vShaderSourceSkybox.vs" />
    <None Include="Chapters\4 - Advanced OpenGL\6 - CubeMaps_Skybox_Reflective\fShaderSource.fs" />
    <None Include="Chapters\4 - Advanced OpenGL\6 - CubeMaps_Skybox_Reflective\fShaderSourceSkybox.fs" />
    <None Include="Chapters\4 - Advanced OpenGL\6 - CubeMaps_Skybox_Reflective\vShaderSource.vs" />
    <None Include="Chapters\4 - Advanced OpenGL\6 - CubeMaps_Skybox_Reflective\vShaderSourceSkybox.vs" />
    <None Include="Chapters\4 - Advanced OpenGL\6 - CubeMaps_Skybox_Refractive\fShaderSource.fs" />
    <None Include="Chapters\4 - Advanced OpenGL\6 - CubeMaps_Skybox_Refractive\fShaderSourceSkybox.fs" />
    <None Include="Chapters\4 - Advanced OpenGL\6 - CubeMaps_Skybox_Refractive\vShaderSource.vs" />
    <None Include="Chapters\4 - Advanced OpenGL\6 - CubeMaps_Skybox_Refractive\vShaderSourceSkybox.vs" />
    <None Include="Chapters\4 - Advanced OpenGL\8 - Advanced_GLSL\4 - Geometry_Shaders_Simple\vShaderSource.vs" />
    <None Include="Chapters\4 - Advanced OpenGL\8 - Advanced_GLSL\4 - Geometry_Shaders_Simple\fShaderSource.fs" />
    <None Include="Chapters\4 - Advanced OpenGL\8 - Advanced_GLSL\1 - PointSize\vShaderSource.vs" />
    <None Include="Chapters\4 - Advanced OpenGL\8 - Advanced_GLSL\1 - PointSize\fShaderSource.fs" />
    <None Include="Chapters\4 - Advanced OpenGL\8 - Advanced_GLSL\1 - VertexID\fShaderSource.fs" />
    <None Include="Chapters\4 - Advanced OpenGL\8 - Advanced_GLSL\1 - VertexID\vShaderSource.vs" />
    <None Include="Chapters\4 - Advanced OpenGL\8 - Advanced_GLSL\2 - FragCoord\fShaderSource.fs" />
    <None Include="Chapters\4 - Advanced OpenGL\8 - Advanced_GLSL\2 - FragCoord\vShaderSource.vs" />
    <None Include="Chapters\4 - Advanced OpenGL\8 - Advanced_GLSL\2 - FrontFacing\fShaderSource.fs" />
    <None Include="Chapters\4 - Advanced OpenGL\8 - Advanced_GLSL\2 - FrontFacing\vShaderSource.vs" />
    <None Include="Chapters\4 - Advanced OpenGL\8 - Advanced_GLSL\4 - Geometry_Shaders_Simple\gShaderSource.gs" />
    <None Include="Chapters\4 - Advanced OpenGL\8 - Advanced_GLSL\3 - UniformBuffer\fShaderSource.fs" />
    <None Include="Chapters\4 - Advanced OpenGL\8 - Advanced_GLSL\3 - UniformBuffer\fShaderSource2.fs" />
    <None Include="Chapters\4 - Advanced OpenGL\8 - Advanced_GLSL\3 - UniformBuffer\vShaderSource.vs" />
    <None Include="Chapters\4 - Advanced OpenGL\8 - Advanced_GLSL\4 - Geometry_Shaders_Houses\fShaderSource.fs" />
    <None Include="Chapters\4 - Advanced OpenGL\8 - Advanced_GLSL\4 - Geometry_Shaders_Houses\gShaderSource.gs" />
    <None Include="Chapters\4 - Advanced OpenGL\8 - Advanced_GLSL\4 - Geometry_Shaders_Houses\vShaderSource.vs" />
    <None Include="Chapters\4 - Advanced OpenGL\8 - Advanced_GLSL\4 - Geometry_Shader_Explode\gShaderSource.gs" />
    <None Include="Chapters\4 - Advanced OpenGL\8 - Advanced_GLSL\5 - Instancing_Arrays\vShaderSource.vs" />
    <None Include="Chapters\4 - Advanced OpenGL\8 - Advanced_GLSL\5 - Instancing_Arrays\fShaderSource.fs" />
    <None Include="Chapters\4 - Advanced OpenGL\8 - Advanced_GLSL\5 - Instancing_Simple\fShaderSource.fs" />
    <None Include="Chapters\4 - Advanced OpenGL\8 - Advanced_GLSL\5 - Instancing_Simple\vShaderSource.vs" />
    <None Include="Chapters\4 - Advanced OpenGL\8 - Advanced_GLSL\5 - Asteroid\fShaderSource.fs" />
    <None Include="Chapters\4 - Advanced OpenGL\8 - Advanced_GLSL\5 - Asteroid\vShaderSource.vs" />
    <None Include="src\vShaderSource2.vs" />
    <None Include="src\fShaderSource2.fs" />
    <None Include="Chapters\4 - Advanced OpenGL\8 - Advanced_GLSL\5 - Asteroid_Instanced\fShaderSource.fs" />
    <None Include="Chapters\4 - Advanced OpenGL\8 - Advanced_GLSL\5 - Asteroid_Instanced\fShaderSource2.fs" />
    <None Include="Chapters\4 - Advanced OpenGL\8 - Advanced_GLSL\5 - Asteroid_Instanced\vShaderSource.vs" />
    <None Include="Chapters\4 - Advanced OpenGL\8 - Advanced_GLSL\5 - Asteroid_Instanced\vShaderSource2.vs" />
  </ItemGroup>
  <ItemGroup>
    <ClCompile Include="src\load_model.cpp">
      <Filter>Source Files</Filter>
    </ClCompile>
  </ItemGroup>
</Project>